
Microsoft Visual Studio Solution File, Format Version 12.00
# Visual Studio Version 17
VisualStudioVersion = 17.0.32112.339
MinimumVisualStudioVersion = 10.0.40219.1
Project("{9A19103F-16F7-4668-BE54-9A1E7A4F7556}") = "Servers", "Servers\Servers.csproj", "{D11E7C2A-FA1F-4DE9-A7D7-FB5FC62E7AD2}"
EndProject
Project("{9A19103F-16F7-4668-BE54-9A1E7A4F7556}") = "Application", "Application\Application.csproj", "{C5406C0F-B8E6-4EAD-B18D-7B0B2DA6F0A0}"
EndProject
Project("{2150E333-8FDC-42A3-9474-1A3956D46DE8}") = "Core", "Core", "{5009B7C8-E45B-41BA-AB24-6BB01F11B17C}"
EndProject
Project("{2150E333-8FDC-42A3-9474-1A3956D46DE8}") = "Server", "Server", "{8BC1C46D-7D18-4C28-8417-B48C3659764A}"
EndProject
Project("{9A19103F-16F7-4668-BE54-9A1E7A4F7556}") = "Domain", "Domain\Domain.csproj", "{76CFF63F-B961-4669-A3D3-4E331E475FA8}"
EndProject
Project("{9A19103F-16F7-4668-BE54-9A1E7A4F7556}") = "Presistance", "Presistance\Presistance.csproj", "{7323272D-2841-4184-829D-8E76D51DD94F}"
EndProject
Project("{2150E333-8FDC-42A3-9474-1A3956D46DE8}") = "Share", "Share", "{E3158354-9501-434A-8643-0E655806F3EB}"
EndProject
Project("{9A19103F-16F7-4668-BE54-9A1E7A4F7556}") = "Share", "Share\Share.csproj", "{57A6DC48-2AA5-493F-97CF-3DBDF71AFA7C}"
EndProject
Project("{2150E333-8FDC-42A3-9474-1A3956D46DE8}") = "Web", "Web", "{CC8A2EEF-5500-4263-80B7-1E5F27246E96}"
EndProject
Project("{FAE04EC0-301F-11D3-BF4B-00C04F79EFBC}") = "Web", "Web\Web.csproj", "{6D6BF713-BB96-4746-8CAD-FCC2091DCAD1}"
EndProject
Global
	GlobalSection(SolutionConfigurationPlatforms) = preSolution
		Debug|Any CPU = Debug|Any CPU
		Release|Any CPU = Release|Any CPU
	EndGlobalSection
	GlobalSection(ProjectConfigurationPlatforms) = postSolution
		{D11E7C2A-FA1F-4DE9-A7D7-FB5FC62E7AD2}.Debug|Any CPU.ActiveCfg = Debug|Any CPU
		{D11E7C2A-FA1F-4DE9-A7D7-FB5FC62E7AD2}.Debug|Any CPU.Build.0 = Debug|Any CPU
		{D11E7C2A-FA1F-4DE9-A7D7-FB5FC62E7AD2}.Release|Any CPU.ActiveCfg = Release|Any CPU
		{D11E7C2A-FA1F-4DE9-A7D7-FB5FC62E7AD2}.Release|Any CPU.Build.0 = Release|Any CPU
		{C5406C0F-B8E6-4EAD-B18D-7B0B2DA6F0A0}.Debug|Any CPU.ActiveCfg = Debug|Any CPU
		{C5406C0F-B8E6-4EAD-B18D-7B0B2DA6F0A0}.Debug|Any CPU.Build.0 = Debug|Any CPU
		{C5406C0F-B8E6-4EAD-B18D-7B0B2DA6F0A0}.Release|Any CPU.ActiveCfg = Release|Any CPU
		{C5406C0F-B8E6-4EAD-B18D-7B0B2DA6F0A0}.Release|Any CPU.Build.0 = Release|Any CPU
		{76CFF63F-B961-4669-A3D3-4E331E475FA8}.Debug|Any CPU.ActiveCfg = Debug|Any CPU
		{76CFF63F-B961-4669-A3D3-4E331E475FA8}.Debug|Any CPU.Build.0 = Debug|Any CPU
		{76CFF63F-B961-4669-A3D3-4E331E475FA8}.Release|Any CPU.ActiveCfg = Release|Any CPU
		{76CFF63F-B961-4669-A3D3-4E331E475FA8}.Release|Any CPU.Build.0 = Release|Any CPU
		{7323272D-2841-4184-829D-8E76D51DD94F}.Debug|Any CPU.ActiveCfg = Debug|Any CPU
		{7323272D-2841-4184-829D-8E76D51DD94F}.Debug|Any CPU.Build.0 = Debug|Any CPU
		{7323272D-2841-4184-829D-8E76D51DD94F}.Release|Any CPU.ActiveCfg = Release|Any CPU
		{7323272D-2841-4184-829D-8E76D51DD94F}.Release|Any CPU.Build.0 = Release|Any CPU
		{57A6DC48-2AA5-493F-97CF-3DBDF71AFA7C}.Debug|Any CPU.ActiveCfg = Debug|Any CPU
		{57A6DC48-2AA5-493F-97CF-3DBDF71AFA7C}.Debug|Any CPU.Build.0 = Debug|Any CPU
		{57A6DC48-2AA5-493F-97CF-3DBDF71AFA7C}.Release|Any CPU.ActiveCfg = Release|Any CPU
		{57A6DC48-2AA5-493F-97CF-3DBDF71AFA7C}.Release|Any CPU.Build.0 = Release|Any CPU
		{6D6BF713-BB96-4746-8CAD-FCC2091DCAD1}.Debug|Any CPU.ActiveCfg = Debug|Any CPU
		{6D6BF713-BB96-4746-8CAD-FCC2091DCAD1}.Debug|Any CPU.Build.0 = Debug|Any CPU
		{6D6BF713-BB96-4746-8CAD-FCC2091DCAD1}.Release|Any CPU.ActiveCfg = Release|Any CPU
		{6D6BF713-BB96-4746-8CAD-FCC2091DCAD1}.Release|Any CPU.Build.0 = Release|Any CPU
	EndGlobalSection
	GlobalSection(SolutionProperties) = preSolution
		HideSolutionNode = FALSE
	EndGlobalSection
	GlobalSection(NestedProjects) = preSolution
		{D11E7C2A-FA1F-4DE9-A7D7-FB5FC62E7AD2} = {8BC1C46D-7D18-4C28-8417-B48C3659764A}
		{C5406C0F-B8E6-4EAD-B18D-7B0B2DA6F0A0} = {5009B7C8-E45B-41BA-AB24-6BB01F11B17C}
		{76CFF63F-B961-4669-A3D3-4E331E475FA8} = {5009B7C8-E45B-41BA-AB24-6BB01F11B17C}
		{7323272D-2841-4184-829D-8E76D51DD94F} = {5009B7C8-E45B-41BA-AB24-6BB01F11B17C}
		{57A6DC48-2AA5-493F-97CF-3DBDF71AFA7C} = {E3158354-9501-434A-8643-0E655806F3EB}
		{6D6BF713-BB96-4746-8CAD-FCC2091DCAD1} = {CC8A2EEF-5500-4263-80B7-1E5F27246E96}
	EndGlobalSection
	GlobalSection(ExtensibilityGlobals) = postSolution
		SolutionGuid = {BEF73ED6-4952-4FF2-BB44-3B00C89869EC}
	EndGlobalSection
EndGlobal
